
Microsoft Visual Studio Solution File, Format Version 12.00
# Visual Studio Version 17
VisualStudioVersion = 17.0.31903.59
MinimumVisualStudioVersion = 10.0.40219.1
Project("{FAE04EC0-301F-11D3-BF4B-00C04F79EFBC}") = "Calculadora.WebAPI", "Calculadora.WebAPI\Calculadora.WebAPI.csproj", "{591257BB-490D-44C3-99BE-462F7C3E74A6}"
EndProject
Project("{FAE04EC0-301F-11D3-BF4B-00C04F79EFBC}") = "Calculadora.Dominio", "Calculadora.Dominio\Calculadora.Dominio.csproj", "{6807F0CB-FA86-4F2E-A39E-C92C9C7C06A6}"
EndProject
Project("{FAE04EC0-301F-11D3-BF4B-00C04F79EFBC}") = "Calculadora.Aplicacion", "Calculadora.Aplicacion\Calculadora.Aplicacion.csproj", "{CFDC73ED-9BE5-49DB-9572-3AF360F8B3B8}"
EndProject
Project("{FAE04EC0-301F-11D3-BF4B-00C04F79EFBC}") = "Calculadora.Infraestructura", "Calculadora.Infraestructura\Calculadora.Infraestructura.csproj", "{2C57002D-130C-495F-A069-48C050C84E9C}"
EndProject
Global
	GlobalSection(SolutionConfigurationPlatforms) = preSolution
		Debug|Any CPU = Debug|Any CPU
		Release|Any CPU = Release|Any CPU
	EndGlobalSection
	GlobalSection(SolutionProperties) = preSolution
		HideSolutionNode = FALSE
	EndGlobalSection
	GlobalSection(ProjectConfigurationPlatforms) = postSolution
		{591257BB-490D-44C3-99BE-462F7C3E74A6}.Debug|Any CPU.ActiveCfg = Debug|Any CPU
		{591257BB-490D-44C3-99BE-462F7C3E74A6}.Debug|Any CPU.Build.0 = Debug|Any CPU
		{591257BB-490D-44C3-99BE-462F7C3E74A6}.Release|Any CPU.ActiveCfg = Release|Any CPU
		{591257BB-490D-44C3-99BE-462F7C3E74A6}.Release|Any CPU.Build.0 = Release|Any CPU
		{6807F0CB-FA86-4F2E-A39E-C92C9C7C06A6}.Debug|Any CPU.ActiveCfg = Debug|Any CPU
		{6807F0CB-FA86-4F2E-A39E-C92C9C7C06A6}.Debug|Any CPU.Build.0 = Debug|Any CPU
		{6807F0CB-FA86-4F2E-A39E-C92C9C7C06A6}.Release|Any CPU.ActiveCfg = Release|Any CPU
		{6807F0CB-FA86-4F2E-A39E-C92C9C7C06A6}.Release|Any CPU.Build.0 = Release|Any CPU
		{CFDC73ED-9BE5-49DB-9572-3AF360F8B3B8}.Debug|Any CPU.ActiveCfg = Debug|Any CPU
		{CFDC73ED-9BE5-49DB-9572-3AF360F8B3B8}.Debug|Any CPU.Build.0 = Debug|Any CPU
		{CFDC73ED-9BE5-49DB-9572-3AF360F8B3B8}.Release|Any CPU.ActiveCfg = Release|Any CPU
		{CFDC73ED-9BE5-49DB-9572-3AF360F8B3B8}.Release|Any CPU.Build.0 = Release|Any CPU
		{2C57002D-130C-495F-A069-48C050C84E9C}.Debug|Any CPU.ActiveCfg = Debug|Any CPU
		{2C57002D-130C-495F-A069-48C050C84E9C}.Debug|Any CPU.Build.0 = Debug|Any CPU
		{2C57002D-130C-495F-A069-48C050C84E9C}.Release|Any CPU.ActiveCfg = Release|Any CPU
		{2C57002D-130C-495F-A069-48C050C84E9C}.Release|Any CPU.Build.0 = Release|Any CPU
	EndGlobalSection
EndGlobal
